
Microsoft Visual Studio Solution File, Format Version 12.00
# Visual Studio Version 16
VisualStudioVersion = 16.0.29418.71
MinimumVisualStudioVersion = 10.0.40219.1
Project("{9A19103F-16F7-4668-BE54-9A1E7A4F7556}") = "Contrib.Microsoft.Build.TypeLibrary", "Contrib.Microsoft.Build.TypeLibrary\Contrib.Microsoft.Build.TypeLibrary.csproj", "{C32EFDE2-058C-4506-B874-1EF5A281F8CD}"
EndProject
Project("{2150E333-8FDC-42A3-9474-1A3956D46DE8}") = "Solution Items", "Solution Items", "{38E5B793-3A5B-48FE-B48D-93E0DA82A889}"
	ProjectSection(SolutionItems) = preProject
		..\.editorconfig = ..\.editorconfig
		..\appveyor.yml = ..\appveyor.yml
		..\README.md = ..\README.md
	EndProjectSection
EndProject
Global
	GlobalSection(SolutionConfigurationPlatforms) = preSolution
		Debug|Any CPU = Debug|Any CPU
		Release|Any CPU = Release|Any CPU
	EndGlobalSection
	GlobalSection(ProjectConfigurationPlatforms) = postSolution
		{C32EFDE2-058C-4506-B874-1EF5A281F8CD}.Debug|Any CPU.ActiveCfg = Debug|Any CPU
		{C32EFDE2-058C-4506-B874-1EF5A281F8CD}.Debug|Any CPU.Build.0 = Debug|Any CPU
		{C32EFDE2-058C-4506-B874-1EF5A281F8CD}.Release|Any CPU.ActiveCfg = Release|Any CPU
		{C32EFDE2-058C-4506-B874-1EF5A281F8CD}.Release|Any CPU.Build.0 = Release|Any CPU
	EndGlobalSection
	GlobalSection(SolutionProperties) = preSolution
		HideSolutionNode = FALSE
	EndGlobalSection
	GlobalSection(ExtensibilityGlobals) = postSolution
		SolutionGuid = {89B553F2-3304-4447-861E-32A16DF37560}
	EndGlobalSection
EndGlobal
